{
  "name": "backend",
  "lockfileVersion": 3,
  "requires": true,
  "packages": {
    "": {
      "dependencies": {
        "@googlemaps/polyline-codec": "^1.0.28"
      }
    },
    "node_modules/@googlemaps/polyline-codec": {
      "version": "1.0.28",
      "resolved": "https://registry.npmjs.org/@googlemaps/polyline-codec/-/polyline-codec-1.0.28.tgz",
      "integrity": "sha512-m7rh8sbxlrHvebXEweBHX8r1uPtToPRYxWDD6p6k2YG8hyhBe0Wi6xRUVFpxpEseMNgF+OBotFQC5senj8K7TQ==",
      "license": "Apache-2.0"
    }
  }
}
